<Solution>
  <Configurations>
    <BuildType Name="All" />
    <BuildType Name="Debug" />
    <BuildType Name="Release" />
    <Platform Name="Any CPU" />
    <Platform Name="x64" />
    <Platform Name="x86" />
  </Configurations>
  <Project Path="Server/HaiyuServer/HaiyuServer.csproj" Id="99ed4541-5feb-4f82-a8b4-62f82e1be42b">
    <BuildType Solution="All|*" Project="Debug" />
  </Project>
</Solution>
