<Solution>
  <Configurations>
    <BuildType Name="All" />
    <BuildType Name="Debug" />
    <BuildType Name="Release" />
    <Platform Name="Any CPU" />
    <Platform Name="x64" />
    <Platform Name="x86" />
  </Configurations>
  <Folder Name="/Tests/">
    <Project Path="Project.Test/Project.Test.csproj" Id="36c8b6d8-2ab5-4c85-96f6-bec4b62dc021">
      <BuildType Solution="All|Any CPU" Project="Release" />
      <BuildType Solution="All|x64" Project="Debug" />
      <BuildType Solution="All|x86" Project="Debug" />
    </Project>
    <Project Path="Tests/AndroidWebViewNetworkMonitor/AndroidWebViewNetworkMonitor.csproj" Id="8297f2ee-c3ca-4e34-b472-c8670d91b245">
      <BuildType Solution="All|*" Project="Debug" />
    </Project>
    <Project Path="Tests/KuroGameDownloadProgram/KuroGameDownloadProgram.csproj" Id="3d00fcfd-9df9-4241-b422-ce04accdfa6f">
      <BuildType Solution="All|*" Project="Debug" />
    </Project>
  </Folder>
  <Folder Name="/Core/">
    <Project Path="Extensions/Haiyu.Plugin/Haiyu.Plugin.csproj" Id="1d4b3247-f5e2-4702-890e-976aa3752a89">
      <BuildType Solution="All|*" Project="Debug" />
    </Project>
    <Project Path="Extensions/Haiyu.RpcClient/Haiyu.RpcClient.csproj" Id="6f2d195d-bb29-4532-8aa5-0b0878dc0188">
      <BuildType Solution="All|*" Project="Debug" />
    </Project>
    <Project Path="Extensions/ProxyExtensions/ProxyExtensions.csproj">
      <BuildType Solution="All|*" Project="Debug" />
      <Build Solution="All|*" Project="false" />
      <Build Solution="Debug|*" Project="false" />
    </Project>
    <Project Path="Extensions/Waves.Api/Waves.Api.csproj" Id="4ac0aeb5-4fe9-41cb-a457-fc739c7eb266">
      <BuildType Solution="All|Any CPU" Project="Release" />
      <BuildType Solution="All|x64" Project="Debug" />
      <BuildType Solution="All|x86" Project="Debug" />
    </Project>
    <Project Path="KuroAndroidMonitoring/ChromeCDPSharp.csproj" Id="f9b6498f-53d5-4fda-90dd-cba12cdec3b9">
      <BuildType Solution="All|*" Project="Debug" />
    </Project>
    <Project Path="Waves.Core/Waves.Core.csproj" Id="ea19ea23-a6e4-4d8b-9d57-0240c4bb3849">
      <BuildType Solution="All|Any CPU" Project="Release" />
      <BuildType Solution="All|x64" Project="Debug" />
      <BuildType Solution="All|x86" Project="Debug" />
    </Project>
  </Folder>
  <Folder Name="/UITests/">
    <Project Path="Haiyu.Controls/Haiyu.Controls.csproj">
      <BuildType Solution="All|*" Project="Debug" />
    </Project>
    <Project Path="Tests/UnitTestApp1/UnitTestApp1.csproj" Id="0274477e-e67f-47b2-87cd-db4a0412130a">
      <BuildType Solution="All|*" Project="Debug" />
      <Platform Solution="*|Any CPU" Project="x64" />
      <Platform Solution="*|x64" Project="x64" />
      <Platform Solution="*|x86" Project="x86" />
      <Deploy />
    </Project>
  </Folder>
</Solution>
